
Microsoft Visual Studio Solution File, Format Version 12.00
# Visual Studio Version 17
VisualStudioVersion = 17.6.33712.159
MinimumVisualStudioVersion = 10.0.40219.1
Project("{FAE04EC0-301F-11D3-BF4B-00C04F79EFBC}") = "LandMarkAI", "LandMarkAI\LandMarkAI.csproj", "{2D8B540E-A384-4DC1-9307-466BFE8107A8}"
EndProject
Global
	GlobalSection(SolutionConfigurationPlatforms) = preSolution
		Debug|Any CPU = Debug|Any CPU
		Release|Any CPU = Release|Any CPU
	EndGlobalSection
	GlobalSection(ProjectConfigurationPlatforms) = postSolution
		{2D8B540E-A384-4DC1-9307-466BFE8107A8}.Debug|Any CPU.ActiveCfg = Debug|Any CPU
		{2D8B540E-A384-4DC1-9307-466BFE8107A8}.Debug|Any CPU.Build.0 = Debug|Any CPU
		{2D8B540E-A384-4DC1-9307-466BFE8107A8}.Release|Any CPU.ActiveCfg = Release|Any CPU
		{2D8B540E-A384-4DC1-9307-466BFE8107A8}.Release|Any CPU.Build.0 = Release|Any CPU
	EndGlobalSection
	GlobalSection(SolutionProperties) = preSolution
		HideSolutionNode = FALSE
	EndGlobalSection
	GlobalSection(ExtensibilityGlobals) = postSolution
		SolutionGuid = {BE6B6E27-2314-4D59-AFD4-853C1111C5CF}
	EndGlobalSection
EndGlobal
